
Microsoft Visual Studio Solution File, Format Version 12.00
# Visual Studio Version 17
VisualStudioVersion = 17.4.33122.133
MinimumVisualStudioVersion = 10.0.40219.1
Project("{FAE04EC0-301F-11D3-BF4B-00C04F79EFBC}") = "ProyectoPortfolio", "ProyectoPortfolio\ProyectoPortfolio.csproj", "{C1820292-A6B6-42E4-AE7A-A21AF204D34A}"
EndProject
Global
	GlobalSection(SolutionConfigurationPlatforms) = preSolution
		Debug|Any CPU = Debug|Any CPU
		Release|Any CPU = Release|Any CPU
	EndGlobalSection
	GlobalSection(ProjectConfigurationPlatforms) = postSolution
		{C1820292-A6B6-42E4-AE7A-A21AF204D34A}.Debug|Any CPU.ActiveCfg = Debug|Any CPU
		{C1820292-A6B6-42E4-AE7A-A21AF204D34A}.Debug|Any CPU.Build.0 = Debug|Any CPU
		{C1820292-A6B6-42E4-AE7A-A21AF204D34A}.Release|Any CPU.ActiveCfg = Release|Any CPU
		{C1820292-A6B6-42E4-AE7A-A21AF204D34A}.Release|Any CPU.Build.0 = Release|Any CPU
	EndGlobalSection
	GlobalSection(SolutionProperties) = preSolution
		HideSolutionNode = FALSE
	EndGlobalSection
	GlobalSection(ExtensibilityGlobals) = postSolution
		SolutionGuid = {CEAAA9CE-D0C6-4157-B52A-B7C6D79412AE}
	EndGlobalSection
EndGlobal
